// !$*UTF8*$!
{
	archiveVersion = 1;
	classes = {
	};
	objectVersion = 50;
	objects = {

/* Begin PBXBuildFile section */
		30C934CE04CB66367B7E043A /* Pods_Reminderer.framework in Frameworks */ = {isa = PBXBuildFile; fileRef = 912D728258D39EEC79BF2801 /* Pods_Reminderer.framework */; };
		3A4B69A12333CE77008B94E0 /* AppDelegate.swift in Sources */ = {isa = PBXBuildFile; fileRef = 3A4B69A02333CE77008B94E0 /* AppDelegate.swift */; };
		3A4B69A32333CE77008B94E0 /* MainVC.swift in Sources */ = {isa = PBXBuildFile; fileRef = 3A4B69A22333CE77008B94E0 /* MainVC.swift */; };
		3A4B69A62333CE77008B94E0 /* Main.storyboard in Resources */ = {isa = PBXBuildFile; fileRef = 3A4B69A42333CE77008B94E0 /* Main.storyboard */; };
		3A4B69A92333CE77008B94E0 /* Reminderer.xcdatamodeld in Sources */ = {isa = PBXBuildFile; fileRef = 3A4B69A72333CE77008B94E0 /* Reminderer.xcdatamodeld */; };
		3A4B69AB2333CE78008B94E0 /* Assets.xcassets in Resources */ = {isa = PBXBuildFile; fileRef = 3A4B69AA2333CE78008B94E0 /* Assets.xcassets */; };
		3A4B69AE2333CE78008B94E0 /* LaunchScreen.storyboard in Resources */ = {isa = PBXBuildFile; fileRef = 3A4B69AC2333CE78008B94E0 /* LaunchScreen.storyboard */; };
		3A4B69B82333E3BB008B94E0 /* CalendarVC.swift in Sources */ = {isa = PBXBuildFile; fileRef = 3A4B69B72333E3BB008B94E0 /* CalendarVC.swift */; };
		3A4B69BA2333E3CF008B94E0 /* LoginVC.swift in Sources */ = {isa = PBXBuildFile; fileRef = 3A4B69B92333E3CF008B94E0 /* LoginVC.swift */; };
		3A4B69BC2333E3EC008B94E0 /* CreateAccountVC.swift in Sources */ = {isa = PBXBuildFile; fileRef = 3A4B69BB2333E3EC008B94E0 /* CreateAccountVC.swift */; };
		3A4B69BE2333E41A008B94E0 /* ProfileVC.swift in Sources */ = {isa = PBXBuildFile; fileRef = 3A4B69BD2333E41A008B94E0 /* ProfileVC.swift */; };
		3A4B69C02333E430008B94E0 /* DayVC.swift in Sources */ = {isa = PBXBuildFile; fileRef = 3A4B69BF2333E430008B94E0 /* DayVC.swift */; };
		3A4B69C22333F6C1008B94E0 /* MainCell.swift in Sources */ = {isa = PBXBuildFile; fileRef = 3A4B69C12333F6C1008B94E0 /* MainCell.swift */; };
		3A4B69C42333F6E5008B94E0 /* DayCell.swift in Sources */ = {isa = PBXBuildFile; fileRef = 3A4B69C32333F6E5008B94E0 /* DayCell.swift */; };
		3A4B69C62333F70D008B94E0 /* CalendarCell.swift in Sources */ = {isa = PBXBuildFile; fileRef = 3A4B69C52333F70D008B94E0 /* CalendarCell.swift */; };
		3A4B6A2823354D78008B94E0 /* GoogleService-Info.plist in Resources */ = {isa = PBXBuildFile; fileRef = 3A4B6A2723354D77008B94E0 /* GoogleService-Info.plist */; };
		3A4B6A2B2335532A008B94E0 /* Constants.swift in Sources */ = {isa = PBXBuildFile; fileRef = 3A4B6A2A2335532A008B94E0 /* Constants.swift */; };
		3A519ED72337E1D300D61780 /* Target.swift in Sources */ = {isa = PBXBuildFile; fileRef = 3A519ED62337E1D300D61780 /* Target.swift */; };
/* End PBXBuildFile section */

/* Begin PBXFileReference section */
		3A4B699D2333CE77008B94E0 /* Reminderer.app */ = {isa = PBXFileReference; explicitFileType = wrapper.application; includeInIndex = 0; path = Reminderer.app; sourceTree = BUILT_PRODUCTS_DIR; };
		3A4B69A02333CE77008B94E0 /* AppDelegate.swift */ = {isa = PBXFileReference; lastKnownFileType = sourcecode.swift; path = AppDelegate.swift; sourceTree = "<group>"; };
		3A4B69A22333CE77008B94E0 /* MainVC.swift */ = {isa = PBXFileReference; lastKnownFileType = sourcecode.swift; path = MainVC.swift; sourceTree = "<group>"; };
		3A4B69A52333CE77008B94E0 /* Base */ = {isa = PBXFileReference; lastKnownFileType = file.storyboard; name = Base; path = Base.lproj/Main.storyboard; sourceTree = "<group>"; };
		3A4B69A82333CE77008B94E0 /* Reminderer.xcdatamodel */ = {isa = PBXFileReference; lastKnownFileType = wrapper.xcdatamodel; path = Reminderer.xcdatamodel; sourceTree = "<group>"; };
		3A4B69AA2333CE78008B94E0 /* Assets.xcassets */ = {isa = PBXFileReference; lastKnownFileType = folder.assetcatalog; path = Assets.xcassets; sourceTree = "<group>"; };
		3A4B69AD2333CE78008B94E0 /* Base */ = {isa = PBXFileReference; lastKnownFileType = file.storyboard; name = Base; path = Base.lproj/LaunchScreen.storyboard; sourceTree = "<group>"; };
		3A4B69AF2333CE78008B94E0 /* Info.plist */ = {isa = PBXFileReference; lastKnownFileType = text.plist.xml; path = Info.plist; sourceTree = "<group>"; };
		3A4B69B72333E3BB008B94E0 /* CalendarVC.swift */ = {isa = PBXFileReference; lastKnownFileType = sourcecode.swift; path = CalendarVC.swift; sourceTree = "<group>"; };
		3A4B69B92333E3CF008B94E0 /* LoginVC.swift */ = {isa = PBXFileReference; lastKnownFileType = sourcecode.swift; path = LoginVC.swift; sourceTree = "<group>"; };
		3A4B69BB2333E3EC008B94E0 /* CreateAccountVC.swift */ = {isa = PBXFileReference; lastKnownFileType = sourcecode.swift; path = CreateAccountVC.swift; sourceTree = "<group>"; };
		3A4B69BD2333E41A008B94E0 /* ProfileVC.swift */ = {isa = PBXFileReference; lastKnownFileType = sourcecode.swift; path = ProfileVC.swift; sourceTree = "<group>"; };
		3A4B69BF2333E430008B94E0 /* DayVC.swift */ = {isa = PBXFileReference; lastKnownFileType = sourcecode.swift; path = DayVC.swift; sourceTree = "<group>"; };
		3A4B69C12333F6C1008B94E0 /* MainCell.swift */ = {isa = PBXFileReference; lastKnownFileType = sourcecode.swift; path = MainCell.swift; sourceTree = "<group>"; };
		3A4B69C32333F6E5008B94E0 /* DayCell.swift */ = {isa = PBXFileReference; lastKnownFileType = sourcecode.swift; path = DayCell.swift; sourceTree = "<group>"; };
		3A4B69C52333F70D008B94E0 /* CalendarCell.swift */ = {isa = PBXFileReference; lastKnownFileType = sourcecode.swift; path = CalendarCell.swift; sourceTree = "<group>"; };
		3A4B6A2723354D77008B94E0 /* GoogleService-Info.plist */ = {isa = PBXFileReference; fileEncoding = 4; lastKnownFileType = text.plist.xml; path = "GoogleService-Info.plist"; sourceTree = "<group>"; };
		3A4B6A2A2335532A008B94E0 /* Constants.swift */ = {isa = PBXFileReference; lastKnownFileType = sourcecode.swift; path = Constants.swift; sourceTree = "<group>"; };
		3A519ED62337E1D300D61780 /* Target.swift */ = {isa = PBXFileReference; lastKnownFileType = sourcecode.swift; path = Target.swift; sourceTree = "<group>"; };
		5A571294FB5F0DC2C926C588 /* Pods-Reminderer.release.xcconfig */ = {isa = PBXFileReference; includeInIndex = 1; lastKnownFileType = text.xcconfig; name = "Pods-Reminderer.release.xcconfig"; path = "Pods/Target Support Files/Pods-Reminderer/Pods-Reminderer.release.xcconfig"; sourceTree = "<group>"; };
		912D728258D39EEC79BF2801 /* Pods_Reminderer.framework */ = {isa = PBXFileReference; explicitFileType = wrapper.framework; includeInIndex = 0; path = Pods_Reminderer.framework; sourceTree = BUILT_PRODUCTS_DIR; };
		E9D011F358DE2E4662F96A8D /* Pods-Reminderer.debug.xcconfig */ = {isa = PBXFileReference; includeInIndex = 1; lastKnownFileType = text.xcconfig; name = "Pods-Reminderer.debug.xcconfig"; path = "Pods/Target Support Files/Pods-Reminderer/Pods-Reminderer.debug.xcconfig"; sourceTree = "<group>"; };
/* End PBXFileReference section */

/* Begin PBXFrameworksBuildPhase section */
		3A4B699A2333CE77008B94E0 /* Frameworks */ = {
			isa = PBXFrameworksBuildPhase;
			buildActionMask = 2147483647;
			files = (
				30C934CE04CB66367B7E043A /* Pods_Reminderer.framework in Frameworks */,
			);
			runOnlyForDeploymentPostprocessing = 0;
		};
/* End PBXFrameworksBuildPhase section */

/* Begin PBXGroup section */
		3A4B69942333CE77008B94E0 = {
			isa = PBXGroup;
			children = (
				3A4B699F2333CE77008B94E0 /* Reminderer */,
				3A4B699E2333CE77008B94E0 /* Products */,
				9D7BC8529301B09F35CE7FF6 /* Pods */,
				CA0D11056BBC4EF978154414 /* Frameworks */,
			);
			sourceTree = "<group>";
		};
		3A4B699E2333CE77008B94E0 /* Products */ = {
			isa = PBXGroup;
			children = (
				3A4B699D2333CE77008B94E0 /* Reminderer.app */,
			);
			name = Products;
			sourceTree = "<group>";
		};
		3A4B699F2333CE77008B94E0 /* Reminderer */ = {
			isa = PBXGroup;
			children = (
				3A4B69A02333CE77008B94E0 /* AppDelegate.swift */,
				3A4B6A2923355315008B94E0 /* Utilities */,
				3A4B69B52333D0DE008B94E0 /* View Controllers */,
				3A4B69B62333D0E9008B94E0 /* Cells */,
				3A4B69A42333CE77008B94E0 /* Main.storyboard */,
				3A4B69AA2333CE78008B94E0 /* Assets.xcassets */,
				3A4B69AC2333CE78008B94E0 /* LaunchScreen.storyboard */,
				3A4B69AF2333CE78008B94E0 /* Info.plist */,
				3A4B6A2723354D77008B94E0 /* GoogleService-Info.plist */,
				3A4B69A72333CE77008B94E0 /* Reminderer.xcdatamodeld */,
			);
			path = Reminderer;
			sourceTree = "<group>";
		};
		3A4B69B52333D0DE008B94E0 /* View Controllers */ = {
			isa = PBXGroup;
			children = (
				3A4B69B92333E3CF008B94E0 /* LoginVC.swift */,
				3A4B69BB2333E3EC008B94E0 /* CreateAccountVC.swift */,
				3A4B69A22333CE77008B94E0 /* MainVC.swift */,
				3A4B69B72333E3BB008B94E0 /* CalendarVC.swift */,
				3A4B69BD2333E41A008B94E0 /* ProfileVC.swift */,
				3A4B69BF2333E430008B94E0 /* DayVC.swift */,
			);
			path = "View Controllers";
			sourceTree = "<group>";
		};
		3A4B69B62333D0E9008B94E0 /* Cells */ = {
			isa = PBXGroup;
			children = (
				3A4B69C12333F6C1008B94E0 /* MainCell.swift */,
				3A4B69C32333F6E5008B94E0 /* DayCell.swift */,
				3A4B69C52333F70D008B94E0 /* CalendarCell.swift */,
			);
			path = Cells;
			sourceTree = "<group>";
		};
		3A4B6A2923355315008B94E0 /* Utilities */ = {
			isa = PBXGroup;
			children = (
				3A4B6A2A2335532A008B94E0 /* Constants.swift */,
				3A519ED62337E1D300D61780 /* Target.swift */,
			);
			path = Utilities;
			sourceTree = "<group>";
		};
		9D7BC8529301B09F35CE7FF6 /* Pods */ = {
			isa = PBXGroup;
			children = (
				E9D011F358DE2E4662F96A8D /* Pods-Reminderer.debug.xcconfig */,
				5A571294FB5F0DC2C926C588 /* Pods-Reminderer.release.xcconfig */,
			);
			name = Pods;
			sourceTree = "<group>";
		};
		CA0D11056BBC4EF978154414 /* Frameworks */ = {
			isa = PBXGroup;
			children = (
				912D728258D39EEC79BF2801 /* Pods_Reminderer.framework */,
			);
			name = Frameworks;
			sourceTree = "<group>";
		};
/* End PBXGroup section */

/* Begin PBXNativeTarget section */
		3A4B699C2333CE77008B94E0 /* Reminderer */ = {
			isa = PBXNativeTarget;
			buildConfigurationList = 3A4B69B22333CE78008B94E0 /* Build configuration list for PBXNativeTarget "Reminderer" */;
			buildPhases = (
				DEEE924AADDF8A25F38447AE /* [CP] Check Pods Manifest.lock */,
				3A4B69992333CE77008B94E0 /* Sources */,
				3A4B699A2333CE77008B94E0 /* Frameworks */,
				3A4B699B2333CE77008B94E0 /* Resources */,
				D108350B5053A3B0924CE4CD /* [CP] Embed Pods Frameworks */,
			);
			buildRules = (
			);
			dependencies = (
			);
			name = Reminderer;
			productName = Reminderer;
			productReference = 3A4B699D2333CE77008B94E0 /* Reminderer.app */;
			productType = "com.apple.product-type.application";
		};
/* End PBXNativeTarget section */

/* Begin PBXProject section */
		3A4B69952333CE77008B94E0 /* Project object */ = {
			isa = PBXProject;
			attributes = {
				LastSwiftUpdateCheck = 1030;
				LastUpgradeCheck = 1030;
				ORGANIZATIONNAME = "Can Balkaya";
				TargetAttributes = {
					3A4B699C2333CE77008B94E0 = {
						CreatedOnToolsVersion = 10.3;
					};
				};
			};
			buildConfigurationList = 3A4B69982333CE77008B94E0 /* Build configuration list for PBXProject "Reminderer" */;
			compatibilityVersion = "Xcode 9.3";
			developmentRegion = en;
			hasScannedForEncodings = 0;
			knownRegions = (
				en,
				Base,
			);
			mainGroup = 3A4B69942333CE77008B94E0;
			productRefGroup = 3A4B699E2333CE77008B94E0 /* Products */;
			projectDirPath = "";
			projectRoot = "";
			targets = (
				3A4B699C2333CE77008B94E0 /* Reminderer */,
			);
		};
/* End PBXProject section */

/* Begin PBXResourcesBuildPhase section */
		3A4B699B2333CE77008B94E0 /* Resources */ = {
			isa = PBXResourcesBuildPhase;
			buildActionMask = 2147483647;
			files = (
				3A4B69AE2333CE78008B94E0 /* LaunchScreen.storyboard in Resources */,
				3A4B6A2823354D78008B94E0 /* GoogleService-Info.plist in Resources */,
				3A4B69AB2333CE78008B94E0 /* Assets.xcassets in Resources */,
				3A4B69A62333CE77008B94E0 /* Main.storyboard in Resources */,
			);
			runOnlyForDeploymentPostprocessing = 0;
		};
/* End PBXResourcesBuildPhase section */

/* Begin PBXShellScriptBuildPhase section */
		D108350B5053A3B0924CE4CD /* [CP] Embed Pods Frameworks */ = {
			isa = PBXShellScriptBuildPhase;
			buildActionMask = 2147483647;
			files = (
			);
			inputPaths = (
				"${SRCROOT}/Pods/Target Support Files/Pods-Reminderer/Pods-Reminderer-frameworks.sh",
				"${BUILT_PRODUCTS_DIR}/BoringSSL-GRPC/openssl_grpc.framework",
				"${BUILT_PRODUCTS_DIR}/GTMSessionFetcher/GTMSessionFetcher.framework",
				"${BUILT_PRODUCTS_DIR}/GoogleUtilities/GoogleUtilities.framework",
				"${BUILT_PRODUCTS_DIR}/Protobuf/Protobuf.framework",
				"${BUILT_PRODUCTS_DIR}/gRPC-C++/grpcpp.framework",
				"${BUILT_PRODUCTS_DIR}/gRPC-Core/grpc.framework",
				"${BUILT_PRODUCTS_DIR}/leveldb-library/leveldb.framework",
				"${BUILT_PRODUCTS_DIR}/nanopb/nanopb.framework",
			);
			name = "[CP] Embed Pods Frameworks";
			outputPaths = (
				"${TARGET_BUILD_DIR}/${FRAMEWORKS_FOLDER_PATH}/openssl_grpc.framework",
				"${TARGET_BUILD_DIR}/${FRAMEWORKS_FOLDER_PATH}/GTMSessionFetcher.framework",
				"${TARGET_BUILD_DIR}/${FRAMEWORKS_FOLDER_PATH}/GoogleUtilities.framework",
				"${TARGET_BUILD_DIR}/${FRAMEWORKS_FOLDER_PATH}/Protobuf.framework",
				"${TARGET_BUILD_DIR}/${FRAMEWORKS_FOLDER_PATH}/grpcpp.framework",
				"${TARGET_BUILD_DIR}/${FRAMEWORKS_FOLDER_PATH}/grpc.framework",
				"${TARGET_BUILD_DIR}/${FRAMEWORKS_FOLDER_PATH}/leveldb.framework",
				"${TARGET_BUILD_DIR}/${FRAMEWORKS_FOLDER_PATH}/nanopb.framework",
			);
			runOnlyForDeploymentPostprocessing = 0;
			shellPath = /bin/sh;
			shellScript = "\"${SRCROOT}/Pods/Target Support Files/Pods-Reminderer/Pods-Reminderer-frameworks.sh\"\n";
			showEnvVarsInLog = 0;
		};
		DEEE924AADDF8A25F38447AE /* [CP] Check Pods Manifest.lock */ = {
			isa = PBXShellScriptBuildPhase;
			buildActionMask = 2147483647;
			files = (
			);
			inputPaths = (
				"${PODS_PODFILE_DIR_PATH}/Podfile.lock",
				"${PODS_ROOT}/Manifest.lock",
			);
			name = "[CP] Check Pods Manifest.lock";
			outputPaths = (
				"$(DERIVED_FILE_DIR)/Pods-Reminderer-checkManifestLockResult.txt",
			);
			runOnlyForDeploymentPostprocessing = 0;
			shellPath = /bin/sh;
			shellScript = "diff \"${PODS_PODFILE_DIR_PATH}/Podfile.lock\" \"${PODS_ROOT}/Manifest.lock\" > /dev/null\nif [ $? != 0 ] ; then\n    # print error to STDERR\n    echo \"error: The sandbox is not in sync with the Podfile.lock. Run 'pod install' or update your CocoaPods installation.\" >&2\n    exit 1\nfi\n# This output is used by Xcode 'outputs' to avoid re-running this script phase.\necho \"SUCCESS\" > \"${SCRIPT_OUTPUT_FILE_0}\"\n";
			showEnvVarsInLog = 0;
		};
/* End PBXShellScriptBuildPhase section */

/* Begin PBXSourcesBuildPhase section */
		3A4B69992333CE77008B94E0 /* Sources */ = {
			isa = PBXSourcesBuildPhase;
			buildActionMask = 2147483647;
			files = (
				3A4B69A32333CE77008B94E0 /* MainVC.swift in Sources */,
				3A4B69A12333CE77008B94E0 /* AppDelegate.swift in Sources */,
				3A4B69C42333F6E5008B94E0 /* DayCell.swift in Sources */,
				3A4B69BE2333E41A008B94E0 /* ProfileVC.swift in Sources */,
				3A4B69BC2333E3EC008B94E0 /* CreateAccountVC.swift in Sources */,
				3A4B69B82333E3BB008B94E0 /* CalendarVC.swift in Sources */,
				3A4B69C62333F70D008B94E0 /* CalendarCell.swift in Sources */,
				3A4B69C02333E430008B94E0 /* DayVC.swift in Sources */,
				3A519ED72337E1D300D61780 /* Target.swift in Sources */,
				3A4B69A92333CE77008B94E0 /* Reminderer.xcdatamodeld in Sources */,
				3A4B69BA2333E3CF008B94E0 /* LoginVC.swift in Sources */,
				3A4B69C22333F6C1008B94E0 /* MainCell.swift in Sources */,
				3A4B6A2B2335532A008B94E0 /* Constants.swift in Sources */,
			);
			runOnlyForDeploymentPostprocessing = 0;
		};
/* End PBXSourcesBuildPhase section */

/* Begin PBXVariantGroup section */
		3A4B69A42333CE77008B94E0 /* Main.storyboard */ = {
			isa = PBXVariantGroup;
			children = (
				3A4B69A52333CE77008B94E0 /* Base */,
			);
			name = Main.storyboard;
			sourceTree = "<group>";
		};
		3A4B69AC2333CE78008B94E0 /* LaunchScreen.storyboard */ = {
			isa = PBXVariantGroup;
			children = (
				3A4B69AD2333CE78008B94E0 /* Base */,
			);
			name = LaunchScreen.storyboard;
			sourceTree = "<group>";
		};
/* End PBXVariantGroup section */

/* Begin XCBuildConfiguration section */
		3A4B69B02333CE78008B94E0 /* Debug */ = {
			isa = XCBuildConfiguration;
			buildSettings = {
				ALWAYS_SEARCH_USER_PATHS = NO;
				CLANG_ANALYZER_NONNULL = YES;
				CLANG_ANALYZER_NUMBER_OBJECT_CONVERSION = YES_AGGRESSIVE;
				CLANG_CXX_LANGUAGE_STANDARD = "gnu++14";
				CLANG_CXX_LIBRARY = "libc++";
				CLANG_ENABLE_MODULES = YES;
				CLANG_ENABLE_OBJC_ARC = YES;
				CLANG_ENABLE_OBJC_WEAK = YES;
				CLANG_WARN_BLOCK_CAPTURE_AUTORELEASING = YES;
				CLANG_WARN_BOOL_CONVERSION = YES;
				CLANG_WARN_COMMA = YES;
				CLANG_WARN_CONSTANT_CONVERSION = YES;
				CLANG_WARN_DEPRECATED_OBJC_IMPLEMENTATIONS = YES;
				CLANG_WARN_DIRECT_OBJC_ISA_USAGE = YES_ERROR;
				CLANG_WARN_DOCUMENTATION_COMMENTS = YES;
				CLANG_WARN_EMPTY_BODY = YES;
				CLANG_WARN_ENUM_CONVERSION = YES;
				CLANG_WARN_INFINITE_RECURSION = YES;
				CLANG_WARN_INT_CONVERSION = YES;
				CLANG_WARN_NON_LITERAL_NULL_CONVERSION = YES;
				CLANG_WARN_OBJC_IMPLICIT_RETAIN_SELF = YES;
				CLANG_WARN_OBJC_LITERAL_CONVERSION = YES;
				CLANG_WARN_OBJC_ROOT_CLASS = YES_ERROR;
				CLANG_WARN_RANGE_LOOP_ANALYSIS = YES;
				CLANG_WARN_STRICT_PROTOTYPES = YES;
				CLANG_WARN_SUSPICIOUS_MOVE = YES;
				CLANG_WARN_UNGUARDED_AVAILABILITY = YES_AGGRESSIVE;
				CLANG_WARN_UNREACHABLE_CODE = YES;
				CLANG_WARN__DUPLICATE_METHOD_MATCH = YES;
				CODE_SIGN_IDENTITY = "iPhone Developer";
				COPY_PHASE_STRIP = NO;
				DEBUG_INFORMATION_FORMAT = dwarf;
				ENABLE_STRICT_OBJC_MSGSEND = YES;
				ENABLE_TESTABILITY = YES;
				GCC_C_LANGUAGE_STANDARD = gnu11;
				GCC_DYNAMIC_NO_PIC = NO;
				GCC_NO_COMMON_BLOCKS = YES;
				GCC_OPTIMIZATION_LEVEL = 0;
				GCC_PREPROCESSOR_DEFINITIONS = (
					"DEBUG=1",
					"$(inherited)",
				);
				GCC_WARN_64_TO_32_BIT_CONVERSION = YES;
				GCC_WARN_ABOUT_RETURN_TYPE = YES_ERROR;
				GCC_WARN_UNDECLARED_SELECTOR = YES;
				GCC_WARN_UNINITIALIZED_AUTOS = YES_AGGRESSIVE;
				GCC_WARN_UNUSED_FUNCTION = YES;
				GCC_WARN_UNUSED_VARIABLE = YES;
				IPHONEOS_DEPLOYMENT_TARGET = 12.4;
				MTL_ENABLE_DEBUG_INFO = INCLUDE_SOURCE;
				MTL_FAST_MATH = YES;
				ONLY_ACTIVE_ARCH = YES;
				SDKROOT = iphoneos;
				SWIFT_ACTIVE_COMPILATION_CONDITIONS = DEBUG;
				SWIFT_OPTIMIZATION_LEVEL = "-Onone";
			};
			name = Debug;
		};
		3A4B69B12333CE78008B94E0 /* Release */ = {
			isa = XCBuildConfiguration;
			buildSettings = {
				ALWAYS_SEARCH_USER_PATHS = NO;
				CLANG_ANALYZER_NONNULL = YES;
				CLANG_ANALYZER_NUMBER_OBJECT_CONVERSION = YES_AGGRESSIVE;
				CLANG_CXX_LANGUAGE_STANDARD = "gnu++14";
				CLANG_CXX_LIBRARY = "libc++";
				CLANG_ENABLE_MODULES = YES;
				CLANG_ENABLE_OBJC_ARC = YES;
				CLANG_ENABLE_OBJC_WEAK = YES;
				CLANG_WARN_BLOCK_CAPTURE_AUTORELEASING = YES;
				CLANG_WARN_BOOL_CONVERSION = YES;
				CLANG_WARN_COMMA = YES;
				CLANG_WARN_CONSTANT_CONVERSION = YES;
				CLANG_WARN_DEPRECATED_OBJC_IMPLEMENTATIONS = YES;
				CLANG_WARN_DIRECT_OBJC_ISA_USAGE = YES_ERROR;
				CLANG_WARN_DOCUMENTATION_COMMENTS = YES;
				CLANG_WARN_EMPTY_BODY = YES;
				CLANG_WARN_ENUM_CONVERSION = YES;
				CLANG_WARN_INFINITE_RECURSION = YES;
				CLANG_WARN_INT_CONVERSION = YES;
				CLANG_WARN_NON_LITERAL_NULL_CONVERSION = YES;
				CLANG_WARN_OBJC_IMPLICIT_RETAIN_SELF = YES;
				CLANG_WARN_OBJC_LITERAL_CONVERSION = YES;
				CLANG_WARN_OBJC_ROOT_CLASS = YES_ERROR;
				CLANG_WARN_RANGE_LOOP_ANALYSIS = YES;
				CLANG_WARN_STRICT_PROTOTYPES = YES;
				CLANG_WARN_SUSPICIOUS_MOVE = YES;
				CLANG_WARN_UNGUARDED_AVAILABILITY = YES_AGGRESSIVE;
				CLANG_WARN_UNREACHABLE_CODE = YES;
				CLANG_WARN__DUPLICATE_METHOD_MATCH = YES;
				CODE_SIGN_IDENTITY = "iPhone Developer";
				COPY_PHASE_STRIP = NO;
				DEBUG_INFORMATION_FORMAT = "dwarf-with-dsym";
				ENABLE_NS_ASSERTIONS = NO;
				ENABLE_STRICT_OBJC_MSGSEND = YES;
				GCC_C_LANGUAGE_STANDARD = gnu11;
				GCC_NO_COMMON_BLOCKS = YES;
				GCC_WARN_64_TO_32_BIT_CONVERSION = YES;
				GCC_WARN_ABOUT_RETURN_TYPE = YES_ERROR;
				GCC_WARN_UNDECLARED_SELECTOR = YES;
				GCC_WARN_UNINITIALIZED_AUTOS = YES_AGGRESSIVE;
				GCC_WARN_UNUSED_FUNCTION = YES;
				GCC_WARN_UNUSED_VARIABLE = YES;
				IPHONEOS_DEPLOYMENT_TARGET = 12.4;
				MTL_ENABLE_DEBUG_INFO = NO;
				MTL_FAST_MATH = YES;
				SDKROOT = iphoneos;
				SWIFT_COMPILATION_MODE = wholemodule;
				SWIFT_OPTIMIZATION_LEVEL = "-O";
				VALIDATE_PRODUCT = YES;
			};
			name = Release;
		};
		3A4B69B32333CE78008B94E0 /* Debug */ = {
			isa = XCBuildConfiguration;
			baseConfigurationReference = E9D011F358DE2E4662F96A8D /* Pods-Reminderer.debug.xcconfig */;
			buildSettings = {
				ASSETCATALOG_COMPILER_APPICON_NAME = AppIcon;
				CODE_SIGN_STYLE = Automatic;
				DEVELOPMENT_TEAM = 84X92G2X4P;
				INFOPLIST_FILE = Reminderer/Info.plist;
				LD_RUNPATH_SEARCH_PATHS = (
					"$(inherited)",
					"@executable_path/Frameworks",
				);
				PRODUCT_BUNDLE_IDENTIFIER = CanBalkaya.Reminderer;
				PRODUCT_NAME = "$(TARGET_NAME)";
				SWIFT_VERSION = 5.0;
				TARGETED_DEVICE_FAMILY = "1,2";
			};
			name = Debug;
		};
		3A4B69B42333CE78008B94E0 /* Release */ = {
			isa = XCBuildConfiguration;
			baseConfigurationReference = 5A571294FB5F0DC2C926C588 /* Pods-Reminderer.release.xcconfig */;
			buildSettings = {
				ASSETCATALOG_COMPILER_APPICON_NAME = AppIcon;
				CODE_SIGN_STYLE = Automatic;
				DEVELOPMENT_TEAM = 84X92G2X4P;
				INFOPLIST_FILE = Reminderer/Info.plist;
				LD_RUNPATH_SEARCH_PATHS = (
					"$(inherited)",
					"@executable_path/Frameworks",
				);
				PRODUCT_BUNDLE_IDENTIFIER = CanBalkaya.Reminderer;
				PRODUCT_NAME = "$(TARGET_NAME)";
				SWIFT_VERSION = 5.0;
				TARGETED_DEVICE_FAMILY = "1,2";
			};
			name = Release;
		};
/* End XCBuildConfiguration section */

/* Begin XCConfigurationList section */
		3A4B69982333CE77008B94E0 /* Build configuration list for PBXProject "Reminderer" */ = {
			isa = XCConfigurationList;
			buildConfigurations = (
				3A4B69B02333CE78008B94E0 /* Debug */,
				3A4B69B12333CE78008B94E0 /* Release */,
			);
			defaultConfigurationIsVisible = 0;
			defaultConfigurationName = Release;
		};
		3A4B69B22333CE78008B94E0 /* Build configuration list for PBXNativeTarget "Reminderer" */ = {
			isa = XCConfigurationList;
			buildConfigurations = (
				3A4B69B32333CE78008B94E0 /* Debug */,
				3A4B69B42333CE78008B94E0 /* Release */,
			);
			defaultConfigurationIsVisible = 0;
			defaultConfigurationName = Release;
		};
/* End XCConfigurationList section */

/* Begin XCVersionGroup section */
		3A4B69A72333CE77008B94E0 /* Reminderer.xcdatamodeld */ = {
			isa = XCVersionGroup;
			children = (
				3A4B69A82333CE77008B94E0 /* Reminderer.xcdatamodel */,
			);
			currentVersion = 3A4B69A82333CE77008B94E0 /* Reminderer.xcdatamodel */;
			path = Reminderer.xcdatamodeld;
			sourceTree = "<group>";
			versionGroupType = wrapper.xcdatamodel;
		};
/* End XCVersionGroup section */
	};
	rootObject = 3A4B69952333CE77008B94E0 /* Project object */;
}
